
Microsoft Visual Studio Solution File, Format Version 12.00
# Visual Studio Version 17
VisualStudioVersion = 17.9.34714.143
MinimumVisualStudioVersion = 10.0.40219.1
Project("{FAE04EC0-301F-11D3-BF4B-00C04F79EFBC}") = "DatingApp", "DatingApp\DatingApp.csproj", "{FD1B7FB6-3C6F-47FF-A18D-F39BBF9D165E}"
EndProject
Global
	GlobalSection(SolutionConfigurationPlatforms) = preSolution
		Debug|Any CPU = Debug|Any CPU
		Release|Any CPU = Release|Any CPU
	EndGlobalSection
	GlobalSection(ProjectConfigurationPlatforms) = postSolution
		{FD1B7FB6-3C6F-47FF-A18D-F39BBF9D165E}.Debug|Any CPU.ActiveCfg = Debug|Any CPU
		{FD1B7FB6-3C6F-47FF-A18D-F39BBF9D165E}.Debug|Any CPU.Build.0 = Debug|Any CPU
		{FD1B7FB6-3C6F-47FF-A18D-F39BBF9D165E}.Release|Any CPU.ActiveCfg = Release|Any CPU
		{FD1B7FB6-3C6F-47FF-A18D-F39BBF9D165E}.Release|Any CPU.Build.0 = Release|Any CPU
	EndGlobalSection
	GlobalSection(SolutionProperties) = preSolution
		HideSolutionNode = FALSE
	EndGlobalSection
	GlobalSection(ExtensibilityGlobals) = postSolution
		SolutionGuid = {4CFB1D6A-0361-482E-86EC-58570EEAA9FB}
	EndGlobalSection
EndGlobal
